
Microsoft Visual Studio Solution File, Format Version 12.00
# Visual Studio Version 16
VisualStudioVersion = 16.0.30413.136
MinimumVisualStudioVersion = 10.0.40219.1
Project("{FAE04EC0-301F-11D3-BF4B-00C04F79EFBC}") = "Scrap", "Scrap\Scrap.csproj", "{635F0F3B-EFD8-4727-A9E9-E76BDDEA01AB}"
EndProject
Project("{FAE04EC0-301F-11D3-BF4B-00C04F79EFBC}") = "YahooFinanceApi2", "YahooFinanceApi2\YahooFinanceApi2.csproj", "{3CC70BE0-395A-401B-BB94-A0BF7AB5A7C6}"
EndProject
Project("{FAE04EC0-301F-11D3-BF4B-00C04F79EFBC}") = "ScarpLib", "ScarpLib\ScarpLib.csproj", "{35E8256D-E1D7-426E-871E-A0FDE597656B}"
EndProject
Project("{9A19103F-16F7-4668-BE54-9A1E7A4F7556}") = "ZedGraph", "ZedGraph\ZedGraph.csproj", "{E05946FA-AF66-4A30-8C28-50CD021D66D5}"
EndProject
Project("{FAE04EC0-301F-11D3-BF4B-00C04F79EFBC}") = "ZedGraph.UnitTest", "ZedGraph.UnitTest\ZedGraph.UnitTest.csproj", "{15D66EEE-A852-4A52-89C2-83E74ECF3770}"
EndProject
Project("{FAE04EC0-301F-11D3-BF4B-00C04F79EFBC}") = "ZedGraph.Web", "ZedGraph.Web\ZedGraph.Web.csproj", "{B17D1463-CDA6-4E19-B1C9-41B82C84B7DD}"
EndProject
Project("{9A19103F-16F7-4668-BE54-9A1E7A4F7556}") = "ZedGraph.WinForms", "ZedGraph.WinForms\ZedGraph.WinForms.csproj", "{557D03FB-ED75-494C-9BB8-22D1896B3B1E}"
EndProject
Project("{FAE04EC0-301F-11D3-BF4B-00C04F79EFBC}") = "WindowsFormsApp1", "WindowsFormsApp1\WindowsFormsApp1.csproj", "{73E7207E-DCCC-49C8-B005-23D500301348}"
EndProject
Project("{2150E333-8FDC-42A3-9474-1A3956D46DE8}") = "BSECron", "BSECron", "{CADAC4F4-06FA-4DA4-8824-D2219AAAC82C}"
EndProject
Project("{9A19103F-16F7-4668-BE54-9A1E7A4F7556}") = "BSECron.Application", "BSECron\BSECron.Application\BSECron.Application.csproj", "{A8FE8FDD-2EB8-4C23-BE18-60A818F1842B}"
EndProject
Project("{9A19103F-16F7-4668-BE54-9A1E7A4F7556}") = "BSECron.Common", "BSECron\BSECron.Common\BSECron.Common.csproj", "{7AE8F79E-3A1C-4110-9DEA-51A599F43083}"
EndProject
Project("{9A19103F-16F7-4668-BE54-9A1E7A4F7556}") = "BSECron.DataAccess", "BSECron\BSECron.DataAccess\BSECron.DataAccess.csproj", "{B415AD1D-9979-45BF-9C32-51E41F2EB6AA}"
EndProject
Project("{9A19103F-16F7-4668-BE54-9A1E7A4F7556}") = "BSECron.Domain", "BSECron\BSECron.Domain\BSECron.Domain.csproj", "{0D5A020C-3FA1-4E90-BC38-506F967481FD}"
EndProject
Project("{FAE04EC0-301F-11D3-BF4B-00C04F79EFBC}") = "BSECron.UI", "BSECron\BSECron.UI\BSECron.UI.csproj", "{30C596F6-949F-4148-B37E-F7340D8F7E58}"
EndProject
Project("{9A19103F-16F7-4668-BE54-9A1E7A4F7556}") = "BSECron.WebQueries", "BSECron\BSECron.WebQueries\BSECron.WebQueries.csproj", "{D31ADB9A-C814-481B-BEB8-341EFF83F284}"
EndProject
Global
	GlobalSection(SolutionConfigurationPlatforms) = preSolution
		Debug|Any CPU = Debug|Any CPU
		Release|Any CPU = Release|Any CPU
	EndGlobalSection
	GlobalSection(ProjectConfigurationPlatforms) = postSolution
		{635F0F3B-EFD8-4727-A9E9-E76BDDEA01AB}.Debug|Any CPU.ActiveCfg = Debug|Any CPU
		{635F0F3B-EFD8-4727-A9E9-E76BDDEA01AB}.Debug|Any CPU.Build.0 = Debug|Any CPU
		{635F0F3B-EFD8-4727-A9E9-E76BDDEA01AB}.Release|Any CPU.ActiveCfg = Release|Any CPU
		{635F0F3B-EFD8-4727-A9E9-E76BDDEA01AB}.Release|Any CPU.Build.0 = Release|Any CPU
		{3CC70BE0-395A-401B-BB94-A0BF7AB5A7C6}.Debug|Any CPU.ActiveCfg = Debug|Any CPU
		{3CC70BE0-395A-401B-BB94-A0BF7AB5A7C6}.Debug|Any CPU.Build.0 = Debug|Any CPU
		{3CC70BE0-395A-401B-BB94-A0BF7AB5A7C6}.Release|Any CPU.ActiveCfg = Release|Any CPU
		{3CC70BE0-395A-401B-BB94-A0BF7AB5A7C6}.Release|Any CPU.Build.0 = Release|Any CPU
		{35E8256D-E1D7-426E-871E-A0FDE597656B}.Debug|Any CPU.ActiveCfg = Debug|Any CPU
		{35E8256D-E1D7-426E-871E-A0FDE597656B}.Debug|Any CPU.Build.0 = Debug|Any CPU
		{35E8256D-E1D7-426E-871E-A0FDE597656B}.Release|Any CPU.ActiveCfg = Release|Any CPU
		{35E8256D-E1D7-426E-871E-A0FDE597656B}.Release|Any CPU.Build.0 = Release|Any CPU
		{E05946FA-AF66-4A30-8C28-50CD021D66D5}.Debug|Any CPU.ActiveCfg = Debug|Any CPU
		{E05946FA-AF66-4A30-8C28-50CD021D66D5}.Debug|Any CPU.Build.0 = Debug|Any CPU
		{E05946FA-AF66-4A30-8C28-50CD021D66D5}.Release|Any CPU.ActiveCfg = Release|Any CPU
		{E05946FA-AF66-4A30-8C28-50CD021D66D5}.Release|Any CPU.Build.0 = Release|Any CPU
		{15D66EEE-A852-4A52-89C2-83E74ECF3770}.Debug|Any CPU.ActiveCfg = Debug|Any CPU
		{15D66EEE-A852-4A52-89C2-83E74ECF3770}.Debug|Any CPU.Build.0 = Debug|Any CPU
		{15D66EEE-A852-4A52-89C2-83E74ECF3770}.Release|Any CPU.ActiveCfg = Release|Any CPU
		{15D66EEE-A852-4A52-89C2-83E74ECF3770}.Release|Any CPU.Build.0 = Release|Any CPU
		{B17D1463-CDA6-4E19-B1C9-41B82C84B7DD}.Debug|Any CPU.ActiveCfg = Debug|Any CPU
		{B17D1463-CDA6-4E19-B1C9-41B82C84B7DD}.Debug|Any CPU.Build.0 = Debug|Any CPU
		{B17D1463-CDA6-4E19-B1C9-41B82C84B7DD}.Release|Any CPU.ActiveCfg = Release|Any CPU
		{B17D1463-CDA6-4E19-B1C9-41B82C84B7DD}.Release|Any CPU.Build.0 = Release|Any CPU
		{557D03FB-ED75-494C-9BB8-22D1896B3B1E}.Debug|Any CPU.ActiveCfg = Debug|Any CPU
		{557D03FB-ED75-494C-9BB8-22D1896B3B1E}.Debug|Any CPU.Build.0 = Debug|Any CPU
		{557D03FB-ED75-494C-9BB8-22D1896B3B1E}.Release|Any CPU.ActiveCfg = Release|Any CPU
		{557D03FB-ED75-494C-9BB8-22D1896B3B1E}.Release|Any CPU.Build.0 = Release|Any CPU
		{73E7207E-DCCC-49C8-B005-23D500301348}.Debug|Any CPU.ActiveCfg = Debug|Any CPU
		{73E7207E-DCCC-49C8-B005-23D500301348}.Debug|Any CPU.Build.0 = Debug|Any CPU
		{73E7207E-DCCC-49C8-B005-23D500301348}.Release|Any CPU.ActiveCfg = Release|Any CPU
		{73E7207E-DCCC-49C8-B005-23D500301348}.Release|Any CPU.Build.0 = Release|Any CPU
		{A8FE8FDD-2EB8-4C23-BE18-60A818F1842B}.Debug|Any CPU.ActiveCfg = Debug|Any CPU
		{A8FE8FDD-2EB8-4C23-BE18-60A818F1842B}.Debug|Any CPU.Build.0 = Debug|Any CPU
		{A8FE8FDD-2EB8-4C23-BE18-60A818F1842B}.Release|Any CPU.ActiveCfg = Release|Any CPU
		{A8FE8FDD-2EB8-4C23-BE18-60A818F1842B}.Release|Any CPU.Build.0 = Release|Any CPU
		{7AE8F79E-3A1C-4110-9DEA-51A599F43083}.Debug|Any CPU.ActiveCfg = Debug|Any CPU
		{7AE8F79E-3A1C-4110-9DEA-51A599F43083}.Debug|Any CPU.Build.0 = Debug|Any CPU
		{7AE8F79E-3A1C-4110-9DEA-51A599F43083}.Release|Any CPU.ActiveCfg = Release|Any CPU
		{7AE8F79E-3A1C-4110-9DEA-51A599F43083}.Release|Any CPU.Build.0 = Release|Any CPU
		{B415AD1D-9979-45BF-9C32-51E41F2EB6AA}.Debug|Any CPU.ActiveCfg = Debug|Any CPU
		{B415AD1D-9979-45BF-9C32-51E41F2EB6AA}.Debug|Any CPU.Build.0 = Debug|Any CPU
		{B415AD1D-9979-45BF-9C32-51E41F2EB6AA}.Release|Any CPU.ActiveCfg = Release|Any CPU
		{B415AD1D-9979-45BF-9C32-51E41F2EB6AA}.Release|Any CPU.Build.0 = Release|Any CPU
		{0D5A020C-3FA1-4E90-BC38-506F967481FD}.Debug|Any CPU.ActiveCfg = Debug|Any CPU
		{0D5A020C-3FA1-4E90-BC38-506F967481FD}.Debug|Any CPU.Build.0 = Debug|Any CPU
		{0D5A020C-3FA1-4E90-BC38-506F967481FD}.Release|Any CPU.ActiveCfg = Release|Any CPU
		{0D5A020C-3FA1-4E90-BC38-506F967481FD}.Release|Any CPU.Build.0 = Release|Any CPU
		{30C596F6-949F-4148-B37E-F7340D8F7E58}.Debug|Any CPU.ActiveCfg = Debug|Any CPU
		{30C596F6-949F-4148-B37E-F7340D8F7E58}.Debug|Any CPU.Build.0 = Debug|Any CPU
		{30C596F6-949F-4148-B37E-F7340D8F7E58}.Release|Any CPU.ActiveCfg = Release|Any CPU
		{30C596F6-949F-4148-B37E-F7340D8F7E58}.Release|Any CPU.Build.0 = Release|Any CPU
		{D31ADB9A-C814-481B-BEB8-341EFF83F284}.Debug|Any CPU.ActiveCfg = Debug|Any CPU
		{D31ADB9A-C814-481B-BEB8-341EFF83F284}.Debug|Any CPU.Build.0 = Debug|Any CPU
		{D31ADB9A-C814-481B-BEB8-341EFF83F284}.Release|Any CPU.ActiveCfg = Release|Any CPU
		{D31ADB9A-C814-481B-BEB8-341EFF83F284}.Release|Any CPU.Build.0 = Release|Any CPU
	EndGlobalSection
	GlobalSection(SolutionProperties) = preSolution
		HideSolutionNode = FALSE
	EndGlobalSection
	GlobalSection(NestedProjects) = preSolution
		{A8FE8FDD-2EB8-4C23-BE18-60A818F1842B} = {CADAC4F4-06FA-4DA4-8824-D2219AAAC82C}
		{7AE8F79E-3A1C-4110-9DEA-51A599F43083} = {CADAC4F4-06FA-4DA4-8824-D2219AAAC82C}
		{B415AD1D-9979-45BF-9C32-51E41F2EB6AA} = {CADAC4F4-06FA-4DA4-8824-D2219AAAC82C}
		{0D5A020C-3FA1-4E90-BC38-506F967481FD} = {CADAC4F4-06FA-4DA4-8824-D2219AAAC82C}
		{30C596F6-949F-4148-B37E-F7340D8F7E58} = {CADAC4F4-06FA-4DA4-8824-D2219AAAC82C}
		{D31ADB9A-C814-481B-BEB8-341EFF83F284} = {CADAC4F4-06FA-4DA4-8824-D2219AAAC82C}
	EndGlobalSection
	GlobalSection(ExtensibilityGlobals) = postSolution
		SolutionGuid = {9B97DF88-FF91-45E1-AFA7-9FAEF1653B93}
	EndGlobalSection
EndGlobal
