
Microsoft Visual Studio Solution File, Format Version 12.00
# Visual Studio Version 16
VisualStudioVersion = 16.0.30413.136
MinimumVisualStudioVersion = 10.0.40219.1
Project("{FAE04EC0-301F-11D3-BF4B-00C04F79EFBC}") = "Scrap", "Scrap\Scrap.csproj", "{635F0F3B-EFD8-4727-A9E9-E76BDDEA01AB}"
EndProject
Global
	GlobalSection(SolutionConfigurationPlatforms) = preSolution
		Debug|Any CPU = Debug|Any CPU
		Release|Any CPU = Release|Any CPU
	EndGlobalSection
	GlobalSection(ProjectConfigurationPlatforms) = postSolution
		{635F0F3B-EFD8-4727-A9E9-E76BDDEA01AB}.Debug|Any CPU.ActiveCfg = Debug|Any CPU
		{635F0F3B-EFD8-4727-A9E9-E76BDDEA01AB}.Debug|Any CPU.Build.0 = Debug|Any CPU
		{635F0F3B-EFD8-4727-A9E9-E76BDDEA01AB}.Release|Any CPU.ActiveCfg = Release|Any CPU
		{635F0F3B-EFD8-4727-A9E9-E76BDDEA01AB}.Release|Any CPU.Build.0 = Release|Any CPU
	EndGlobalSection
	GlobalSection(SolutionProperties) = preSolution
		HideSolutionNode = FALSE
	EndGlobalSection
	GlobalSection(ExtensibilityGlobals) = postSolution
		SolutionGuid = {9B97DF88-FF91-45E1-AFA7-9FAEF1653B93}
	EndGlobalSection
EndGlobal
